
Microsoft Visual Studio Solution File, Format Version 12.00
# Visual Studio Version 16
VisualStudioVersion = 16.0.33529.622
MinimumVisualStudioVersion = 10.0.40219.1
Project("{FAE04EC0-301F-11D3-BF4B-00C04F79EFBC}") = "Calculator MVP", "Calculator MVP.csproj", "{C30CAB41-03FB-49EB-9E07-1FFF9203AF0E}"
EndProject
Global
	GlobalSection(SolutionConfigurationPlatforms) = preSolution
		Debug|Any CPU = Debug|Any CPU
		Release|Any CPU = Release|Any CPU
	EndGlobalSection
	GlobalSection(ProjectConfigurationPlatforms) = postSolution
		{C30CAB41-03FB-49EB-9E07-1FFF9203AF0E}.Debug|Any CPU.ActiveCfg = Debug|Any CPU
		{C30CAB41-03FB-49EB-9E07-1FFF9203AF0E}.Debug|Any CPU.Build.0 = Debug|Any CPU
		{C30CAB41-03FB-49EB-9E07-1FFF9203AF0E}.Release|Any CPU.ActiveCfg = Release|Any CPU
		{C30CAB41-03FB-49EB-9E07-1FFF9203AF0E}.Release|Any CPU.Build.0 = Release|Any CPU
	EndGlobalSection
	GlobalSection(SolutionProperties) = preSolution
		HideSolutionNode = FALSE
	EndGlobalSection
	GlobalSection(ExtensibilityGlobals) = postSolution
		SolutionGuid = {FF6C14A8-91A3-400E-A775-4C2B6EA96B6D}
	EndGlobalSection
EndGlobal
